// !$*UTF8*$!
{
	archiveVersion = 1;
	classes = {
	};
	objectVersion = 51;
	objects = {

/* Begin PBXBuildFile section */
		AE744BB72554FBC9005ED3B0 /* HeroViewController.swift in Sources */ = {isa = PBXBuildFile; fileRef = AE744BB62554FBC9005ED3B0 /* HeroViewController.swift */; };
		AE744BBB2555004E005ED3B0 /* marvelHeroes.jpg in Resources */ = {isa = PBXBuildFile; fileRef = AE744BBA2555004E005ED3B0 /* marvelHeroes.jpg */; };
		AEA0BA702554F6FA00F8D153 /* AppDelegate.swift in Sources */ = {isa = PBXBuildFile; fileRef = AEA0BA6F2554F6FA00F8D153 /* AppDelegate.swift */; };
		AEA0BA722554F6FA00F8D153 /* SceneDelegate.swift in Sources */ = {isa = PBXBuildFile; fileRef = AEA0BA712554F6FA00F8D153 /* SceneDelegate.swift */; };
		AEA0BA742554F6FA00F8D153 /* ViewController.swift in Sources */ = {isa = PBXBuildFile; fileRef = AEA0BA732554F6FA00F8D153 /* ViewController.swift */; };
		AEA0BA772554F6FA00F8D153 /* Main.storyboard in Resources */ = {isa = PBXBuildFile; fileRef = AEA0BA752554F6FA00F8D153 /* Main.storyboard */; };
		AEA0BA792554F6FB00F8D153 /* Assets.xcassets in Resources */ = {isa = PBXBuildFile; fileRef = AEA0BA782554F6FB00F8D153 /* Assets.xcassets */; };
		AEA0BA7C2554F6FB00F8D153 /* LaunchScreen.storyboard in Resources */ = {isa = PBXBuildFile; fileRef = AEA0BA7A2554F6FB00F8D153 /* LaunchScreen.storyboard */; };
		AEA0BA852554F7A000F8D153 /* HeroTableViewController.swift in Sources */ = {isa = PBXBuildFile; fileRef = AEA0BA842554F7A000F8D153 /* HeroTableViewController.swift */; };
		AEBAED7C2555E20B00EBF582 /* Service.swift in Sources */ = {isa = PBXBuildFile; fileRef = AEBAED7B2555E20B00EBF582 /* Service.swift */; };
		AEBAED7F2555E22400EBF582 /* MarvelClass.swift in Sources */ = {isa = PBXBuildFile; fileRef = AEBAED7E2555E22400EBF582 /* MarvelClass.swift */; };
		AEBAED82255624F600EBF582 /* HeroTableViewCell.swift in Sources */ = {isa = PBXBuildFile; fileRef = AEBAED81255624F600EBF582 /* HeroTableViewCell.swift */; };
		FB99D6E128F31EDBD50C45DD /* Pods_Marvel_Heroes.framework in Frameworks */ = {isa = PBXBuildFile; fileRef = 94958F00DDA2C0D0AA140326 /* Pods_Marvel_Heroes.framework */; };
/* End PBXBuildFile section */

/* Begin PBXFileReference section */
		469042223EBDDD734EA6E386 /* Pods-Marvel Heroes.release.xcconfig */ = {isa = PBXFileReference; includeInIndex = 1; lastKnownFileType = text.xcconfig; name = "Pods-Marvel Heroes.release.xcconfig"; path = "Target Support Files/Pods-Marvel Heroes/Pods-Marvel Heroes.release.xcconfig"; sourceTree = "<group>"; };
		94958F00DDA2C0D0AA140326 /* Pods_Marvel_Heroes.framework */ = {isa = PBXFileReference; explicitFileType = wrapper.framework; includeInIndex = 0; path = Pods_Marvel_Heroes.framework; sourceTree = BUILT_PRODUCTS_DIR; };
		AE744BB62554FBC9005ED3B0 /* HeroViewController.swift */ = {isa = PBXFileReference; lastKnownFileType = sourcecode.swift; path = HeroViewController.swift; sourceTree = "<group>"; };
		AE744BBA2555004E005ED3B0 /* marvelHeroes.jpg */ = {isa = PBXFileReference; lastKnownFileType = image.jpeg; name = marvelHeroes.jpg; path = ../../../marvelHeroes.jpg; sourceTree = "<group>"; };
		AEA0BA6C2554F6FA00F8D153 /* Marvel Heroes.app */ = {isa = PBXFileReference; explicitFileType = wrapper.application; includeInIndex = 0; path = "Marvel Heroes.app"; sourceTree = BUILT_PRODUCTS_DIR; };
		AEA0BA6F2554F6FA00F8D153 /* AppDelegate.swift */ = {isa = PBXFileReference; lastKnownFileType = sourcecode.swift; path = AppDelegate.swift; sourceTree = "<group>"; };
		AEA0BA712554F6FA00F8D153 /* SceneDelegate.swift */ = {isa = PBXFileReference; lastKnownFileType = sourcecode.swift; path = SceneDelegate.swift; sourceTree = "<group>"; };
		AEA0BA732554F6FA00F8D153 /* ViewController.swift */ = {isa = PBXFileReference; lastKnownFileType = sourcecode.swift; path = ViewController.swift; sourceTree = "<group>"; };
		AEA0BA762554F6FA00F8D153 /* Base */ = {isa = PBXFileReference; lastKnownFileType = file.storyboard; name = Base; path = Base.lproj/Main.storyboard; sourceTree = "<group>"; };
		AEA0BA782554F6FB00F8D153 /* Assets.xcassets */ = {isa = PBXFileReference; lastKnownFileType = folder.assetcatalog; path = Assets.xcassets; sourceTree = "<group>"; };
		AEA0BA7B2554F6FB00F8D153 /* Base */ = {isa = PBXFileReference; lastKnownFileType = file.storyboard; name = Base; path = Base.lproj/LaunchScreen.storyboard; sourceTree = "<group>"; };
		AEA0BA7D2554F6FB00F8D153 /* Info.plist */ = {isa = PBXFileReference; lastKnownFileType = text.plist.xml; path = Info.plist; sourceTree = "<group>"; };
		AEA0BA842554F7A000F8D153 /* HeroTableViewController.swift */ = {isa = PBXFileReference; lastKnownFileType = sourcecode.swift; path = HeroTableViewController.swift; sourceTree = "<group>"; };
		AEBAED7B2555E20B00EBF582 /* Service.swift */ = {isa = PBXFileReference; lastKnownFileType = sourcecode.swift; path = Service.swift; sourceTree = "<group>"; };
		AEBAED7E2555E22400EBF582 /* MarvelClass.swift */ = {isa = PBXFileReference; lastKnownFileType = sourcecode.swift; path = MarvelClass.swift; sourceTree = "<group>"; };
		AEBAED81255624F600EBF582 /* HeroTableViewCell.swift */ = {isa = PBXFileReference; lastKnownFileType = sourcecode.swift; path = HeroTableViewCell.swift; sourceTree = "<group>"; };
		DA39C93D2399E7D9F53CC8BF /* Pods-Marvel Heroes.debug.xcconfig */ = {isa = PBXFileReference; includeInIndex = 1; lastKnownFileType = text.xcconfig; name = "Pods-Marvel Heroes.debug.xcconfig"; path = "Target Support Files/Pods-Marvel Heroes/Pods-Marvel Heroes.debug.xcconfig"; sourceTree = "<group>"; };
/* End PBXFileReference section */

/* Begin PBXFrameworksBuildPhase section */
		AEA0BA692554F6FA00F8D153 /* Frameworks */ = {
			isa = PBXFrameworksBuildPhase;
			buildActionMask = 2147483647;
			files = (
				FB99D6E128F31EDBD50C45DD /* Pods_Marvel_Heroes.framework in Frameworks */,
			);
			runOnlyForDeploymentPostprocessing = 0;
		};
/* End PBXFrameworksBuildPhase section */

/* Begin PBXGroup section */
		51A3B38CA0CD6A49FD90B6B9 /* Frameworks */ = {
			isa = PBXGroup;
			children = (
				94958F00DDA2C0D0AA140326 /* Pods_Marvel_Heroes.framework */,
			);
			name = Frameworks;
			sourceTree = "<group>";
		};
		AEA0BA632554F6FA00F8D153 = {
			isa = PBXGroup;
			children = (
				AEA0BA6E2554F6FA00F8D153 /* Marvel Heroes */,
				AEA0BA6D2554F6FA00F8D153 /* Products */,
				B6510E6134E5EE52AE5F2A0C /* Pods */,
				51A3B38CA0CD6A49FD90B6B9 /* Frameworks */,
			);
			sourceTree = "<group>";
		};
		AEA0BA6D2554F6FA00F8D153 /* Products */ = {
			isa = PBXGroup;
			children = (
				AEA0BA6C2554F6FA00F8D153 /* Marvel Heroes.app */,
			);
			name = Products;
			sourceTree = "<group>";
		};
		AEA0BA6E2554F6FA00F8D153 /* Marvel Heroes */ = {
			isa = PBXGroup;
			children = (
				AEA0BA6F2554F6FA00F8D153 /* AppDelegate.swift */,
				AEA0BA712554F6FA00F8D153 /* SceneDelegate.swift */,
				AEA0BA732554F6FA00F8D153 /* ViewController.swift */,
				AEA0BA752554F6FA00F8D153 /* Main.storyboard */,
				AEA0BA782554F6FB00F8D153 /* Assets.xcassets */,
				AE744BBA2555004E005ED3B0 /* marvelHeroes.jpg */,
				AEA0BA7A2554F6FB00F8D153 /* LaunchScreen.storyboard */,
				AEA0BA7D2554F6FB00F8D153 /* Info.plist */,
				AEA0BA842554F7A000F8D153 /* HeroTableViewController.swift */,
				AE744BB62554FBC9005ED3B0 /* HeroViewController.swift */,
				AEBAED7B2555E20B00EBF582 /* Service.swift */,
				AEBAED7E2555E22400EBF582 /* MarvelClass.swift */,
				AEBAED81255624F600EBF582 /* HeroTableViewCell.swift */,
			);
			path = "Marvel Heroes";
			sourceTree = "<group>";
		};
		B6510E6134E5EE52AE5F2A0C /* Pods */ = {
			isa = PBXGroup;
			children = (
				DA39C93D2399E7D9F53CC8BF /* Pods-Marvel Heroes.debug.xcconfig */,
				469042223EBDDD734EA6E386 /* Pods-Marvel Heroes.release.xcconfig */,
			);
			path = Pods;
			sourceTree = "<group>";
		};
/* End PBXGroup section */

/* Begin PBXNativeTarget section */
		AEA0BA6B2554F6FA00F8D153 /* Marvel Heroes */ = {
			isa = PBXNativeTarget;
			buildConfigurationList = AEA0BA802554F6FB00F8D153 /* Build configuration list for PBXNativeTarget "Marvel Heroes" */;
			buildPhases = (
				C8218AFF540B59E0BBCF573A /* [CP] Check Pods Manifest.lock */,
				AEA0BA682554F6FA00F8D153 /* Sources */,
				AEA0BA692554F6FA00F8D153 /* Frameworks */,
				AEA0BA6A2554F6FA00F8D153 /* Resources */,
				AA9C74BF55B373E699F425BF /* [CP] Embed Pods Frameworks */,
			);
			buildRules = (
			);
			dependencies = (
			);
			name = "Marvel Heroes";
			productName = "Marvel Heroes";
			productReference = AEA0BA6C2554F6FA00F8D153 /* Marvel Heroes.app */;
			productType = "com.apple.product-type.application";
		};
/* End PBXNativeTarget section */

/* Begin PBXProject section */
		AEA0BA642554F6FA00F8D153 /* Project object */ = {
			isa = PBXProject;
			attributes = {
				LastSwiftUpdateCheck = 1210;
				LastUpgradeCheck = 1210;
				TargetAttributes = {
					AEA0BA6B2554F6FA00F8D153 = {
						CreatedOnToolsVersion = 12.1;
					};
				};
			};
			buildConfigurationList = AEA0BA672554F6FA00F8D153 /* Build configuration list for PBXProject "Marvel Heroes" */;
			compatibilityVersion = "Xcode 9.3";
			developmentRegion = en;
			hasScannedForEncodings = 0;
			knownRegions = (
				en,
				Base,
			);
			mainGroup = AEA0BA632554F6FA00F8D153;
			productRefGroup = AEA0BA6D2554F6FA00F8D153 /* Products */;
			projectDirPath = "";
			projectRoot = "";
			targets = (
				AEA0BA6B2554F6FA00F8D153 /* Marvel Heroes */,
			);
		};
/* End PBXProject section */

/* Begin PBXResourcesBuildPhase section */
		AEA0BA6A2554F6FA00F8D153 /* Resources */ = {
			isa = PBXResourcesBuildPhase;
			buildActionMask = 2147483647;
			files = (
				AE744BBB2555004E005ED3B0 /* marvelHeroes.jpg in Resources */,
				AEA0BA7C2554F6FB00F8D153 /* LaunchScreen.storyboard in Resources */,
				AEA0BA792554F6FB00F8D153 /* Assets.xcassets in Resources */,
				AEA0BA772554F6FA00F8D153 /* Main.storyboard in Resources */,
			);
			runOnlyForDeploymentPostprocessing = 0;
		};
/* End PBXResourcesBuildPhase section */

/* Begin PBXShellScriptBuildPhase section */
		AA9C74BF55B373E699F425BF /* [CP] Embed Pods Frameworks */ = {
			isa = PBXShellScriptBuildPhase;
			buildActionMask = 2147483647;
			files = (
			);
			inputFileListPaths = (
				"${PODS_ROOT}/Target Support Files/Pods-Marvel Heroes/Pods-Marvel Heroes-frameworks-${CONFIGURATION}-input-files.xcfilelist",
			);
			name = "[CP] Embed Pods Frameworks";
			outputFileListPaths = (
				"${PODS_ROOT}/Target Support Files/Pods-Marvel Heroes/Pods-Marvel Heroes-frameworks-${CONFIGURATION}-output-files.xcfilelist",
			);
			runOnlyForDeploymentPostprocessing = 0;
			shellPath = /bin/sh;
			shellScript = "\"${PODS_ROOT}/Target Support Files/Pods-Marvel Heroes/Pods-Marvel Heroes-frameworks.sh\"\n";
			showEnvVarsInLog = 0;
		};
		C8218AFF540B59E0BBCF573A /* [CP] Check Pods Manifest.lock */ = {
			isa = PBXShellScriptBuildPhase;
			buildActionMask = 2147483647;
			files = (
			);
			inputFileListPaths = (
			);
			inputPaths = (
				"${PODS_PODFILE_DIR_PATH}/Podfile.lock",
				"${PODS_ROOT}/Manifest.lock",
			);
			name = "[CP] Check Pods Manifest.lock";
			outputFileListPaths = (
			);
			outputPaths = (
				"$(DERIVED_FILE_DIR)/Pods-Marvel Heroes-checkManifestLockResult.txt",
			);
			runOnlyForDeploymentPostprocessing = 0;
			shellPath = /bin/sh;
			shellScript = "diff \"${PODS_PODFILE_DIR_PATH}/Podfile.lock\" \"${PODS_ROOT}/Manifest.lock\" > /dev/null\nif [ $? != 0 ] ; then\n    # print error to STDERR\n    echo \"error: The sandbox is not in sync with the Podfile.lock. Run 'pod install' or update your CocoaPods installation.\" >&2\n    exit 1\nfi\n# This output is used by Xcode 'outputs' to avoid re-running this script phase.\necho \"SUCCESS\" > \"${SCRIPT_OUTPUT_FILE_0}\"\n";
			showEnvVarsInLog = 0;
		};
/* End PBXShellScriptBuildPhase section */

/* Begin PBXSourcesBuildPhase section */
		AEA0BA682554F6FA00F8D153 /* Sources */ = {
			isa = PBXSourcesBuildPhase;
			buildActionMask = 2147483647;
			files = (
				AE744BB72554FBC9005ED3B0 /* HeroViewController.swift in Sources */,
				AEA0BA742554F6FA00F8D153 /* ViewController.swift in Sources */,
				AEA0BA852554F7A000F8D153 /* HeroTableViewController.swift in Sources */,
				AEBAED82255624F600EBF582 /* HeroTableViewCell.swift in Sources */,
				AEA0BA702554F6FA00F8D153 /* AppDelegate.swift in Sources */,
				AEA0BA722554F6FA00F8D153 /* SceneDelegate.swift in Sources */,
				AEBAED7F2555E22400EBF582 /* MarvelClass.swift in Sources */,
				AEBAED7C2555E20B00EBF582 /* Service.swift in Sources */,
			);
			runOnlyForDeploymentPostprocessing = 0;
		};
/* End PBXSourcesBuildPhase section */

/* Begin PBXVariantGroup section */
		AEA0BA752554F6FA00F8D153 /* Main.storyboard */ = {
			isa = PBXVariantGroup;
			children = (
				AEA0BA762554F6FA00F8D153 /* Base */,
			);
			name = Main.storyboard;
			sourceTree = "<group>";
		};
		AEA0BA7A2554F6FB00F8D153 /* LaunchScreen.storyboard */ = {
			isa = PBXVariantGroup;
			children = (
				AEA0BA7B2554F6FB00F8D153 /* Base */,
			);
			name = LaunchScreen.storyboard;
			sourceTree = "<group>";
		};
/* End PBXVariantGroup section */

/* Begin XCBuildConfiguration section */
		AEA0BA7E2554F6FB00F8D153 /* Debug */ = {
			isa = XCBuildConfiguration;
			buildSettings = {
				ALWAYS_SEARCH_USER_PATHS = NO;
				CLANG_ANALYZER_NONNULL = YES;
				CLANG_ANALYZER_NUMBER_OBJECT_CONVERSION = YES_AGGRESSIVE;
				CLANG_CXX_LANGUAGE_STANDARD = "gnu++14";
				CLANG_CXX_LIBRARY = "libc++";
				CLANG_ENABLE_MODULES = YES;
				CLANG_ENABLE_OBJC_ARC = YES;
				CLANG_ENABLE_OBJC_WEAK = YES;
				CLANG_WARN_BLOCK_CAPTURE_AUTORELEASING = YES;
				CLANG_WARN_BOOL_CONVERSION = YES;
				CLANG_WARN_COMMA = YES;
				CLANG_WARN_CONSTANT_CONVERSION = YES;
				CLANG_WARN_DEPRECATED_OBJC_IMPLEMENTATIONS = YES;
				CLANG_WARN_DIRECT_OBJC_ISA_USAGE = YES_ERROR;
				CLANG_WARN_DOCUMENTATION_COMMENTS = YES;
				CLANG_WARN_EMPTY_BODY = YES;
				CLANG_WARN_ENUM_CONVERSION = YES;
				CLANG_WARN_INFINITE_RECURSION = YES;
				CLANG_WARN_INT_CONVERSION = YES;
				CLANG_WARN_NON_LITERAL_NULL_CONVERSION = YES;
				CLANG_WARN_OBJC_IMPLICIT_RETAIN_SELF = YES;
				CLANG_WARN_OBJC_LITERAL_CONVERSION = YES;
				CLANG_WARN_OBJC_ROOT_CLASS = YES_ERROR;
				CLANG_WARN_QUOTED_INCLUDE_IN_FRAMEWORK_HEADER = YES;
				CLANG_WARN_RANGE_LOOP_ANALYSIS = YES;
				CLANG_WARN_STRICT_PROTOTYPES = YES;
				CLANG_WARN_SUSPICIOUS_MOVE = YES;
				CLANG_WARN_UNGUARDED_AVAILABILITY = YES_AGGRESSIVE;
				CLANG_WARN_UNREACHABLE_CODE = YES;
				CLANG_WARN__DUPLICATE_METHOD_MATCH = YES;
				COPY_PHASE_STRIP = NO;
				DEBUG_INFORMATION_FORMAT = dwarf;
				ENABLE_STRICT_OBJC_MSGSEND = YES;
				ENABLE_TESTABILITY = YES;
				GCC_C_LANGUAGE_STANDARD = gnu11;
				GCC_DYNAMIC_NO_PIC = NO;
				GCC_NO_COMMON_BLOCKS = YES;
				GCC_OPTIMIZATION_LEVEL = 0;
				GCC_PREPROCESSOR_DEFINITIONS = (
					"DEBUG=1",
					"$(inherited)",
				);
				GCC_WARN_64_TO_32_BIT_CONVERSION = YES;
				GCC_WARN_ABOUT_RETURN_TYPE = YES_ERROR;
				GCC_WARN_UNDECLARED_SELECTOR = YES;
				GCC_WARN_UNINITIALIZED_AUTOS = YES_AGGRESSIVE;
				GCC_WARN_UNUSED_FUNCTION = YES;
				GCC_WARN_UNUSED_VARIABLE = YES;
				IPHONEOS_DEPLOYMENT_TARGET = 14.1;
				MTL_ENABLE_DEBUG_INFO = INCLUDE_SOURCE;
				MTL_FAST_MATH = YES;
				ONLY_ACTIVE_ARCH = YES;
				SDKROOT = iphoneos;
				SWIFT_ACTIVE_COMPILATION_CONDITIONS = DEBUG;
				SWIFT_OPTIMIZATION_LEVEL = "-Onone";
			};
			name = Debug;
		};
		AEA0BA7F2554F6FB00F8D153 /* Release */ = {
			isa = XCBuildConfiguration;
			buildSettings = {
				ALWAYS_SEARCH_USER_PATHS = NO;
				CLANG_ANALYZER_NONNULL = YES;
				CLANG_ANALYZER_NUMBER_OBJECT_CONVERSION = YES_AGGRESSIVE;
				CLANG_CXX_LANGUAGE_STANDARD = "gnu++14";
				CLANG_CXX_LIBRARY = "libc++";
				CLANG_ENABLE_MODULES = YES;
				CLANG_ENABLE_OBJC_ARC = YES;
				CLANG_ENABLE_OBJC_WEAK = YES;
				CLANG_WARN_BLOCK_CAPTURE_AUTORELEASING = YES;
				CLANG_WARN_BOOL_CONVERSION = YES;
				CLANG_WARN_COMMA = YES;
				CLANG_WARN_CONSTANT_CONVERSION = YES;
				CLANG_WARN_DEPRECATED_OBJC_IMPLEMENTATIONS = YES;
				CLANG_WARN_DIRECT_OBJC_ISA_USAGE = YES_ERROR;
				CLANG_WARN_DOCUMENTATION_COMMENTS = YES;
				CLANG_WARN_EMPTY_BODY = YES;
				CLANG_WARN_ENUM_CONVERSION = YES;
				CLANG_WARN_INFINITE_RECURSION = YES;
				CLANG_WARN_INT_CONVERSION = YES;
				CLANG_WARN_NON_LITERAL_NULL_CONVERSION = YES;
				CLANG_WARN_OBJC_IMPLICIT_RETAIN_SELF = YES;
				CLANG_WARN_OBJC_LITERAL_CONVERSION = YES;
				CLANG_WARN_OBJC_ROOT_CLASS = YES_ERROR;
				CLANG_WARN_QUOTED_INCLUDE_IN_FRAMEWORK_HEADER = YES;
				CLANG_WARN_RANGE_LOOP_ANALYSIS = YES;
				CLANG_WARN_STRICT_PROTOTYPES = YES;
				CLANG_WARN_SUSPICIOUS_MOVE = YES;
				CLANG_WARN_UNGUARDED_AVAILABILITY = YES_AGGRESSIVE;
				CLANG_WARN_UNREACHABLE_CODE = YES;
				CLANG_WARN__DUPLICATE_METHOD_MATCH = YES;
				COPY_PHASE_STRIP = NO;
				DEBUG_INFORMATION_FORMAT = "dwarf-with-dsym";
				ENABLE_NS_ASSERTIONS = NO;
				ENABLE_STRICT_OBJC_MSGSEND = YES;
				GCC_C_LANGUAGE_STANDARD = gnu11;
				GCC_NO_COMMON_BLOCKS = YES;
				GCC_WARN_64_TO_32_BIT_CONVERSION = YES;
				GCC_WARN_ABOUT_RETURN_TYPE = YES_ERROR;
				GCC_WARN_UNDECLARED_SELECTOR = YES;
				GCC_WARN_UNINITIALIZED_AUTOS = YES_AGGRESSIVE;
				GCC_WARN_UNUSED_FUNCTION = YES;
				GCC_WARN_UNUSED_VARIABLE = YES;
				IPHONEOS_DEPLOYMENT_TARGET = 14.1;
				MTL_ENABLE_DEBUG_INFO = NO;
				MTL_FAST_MATH = YES;
				SDKROOT = iphoneos;
				SWIFT_COMPILATION_MODE = wholemodule;
				SWIFT_OPTIMIZATION_LEVEL = "-O";
				VALIDATE_PRODUCT = YES;
			};
			name = Release;
		};
		AEA0BA812554F6FB00F8D153 /* Debug */ = {
			isa = XCBuildConfiguration;
			baseConfigurationReference = DA39C93D2399E7D9F53CC8BF /* Pods-Marvel Heroes.debug.xcconfig */;
			buildSettings = {
				ASSETCATALOG_COMPILER_APPICON_NAME = AppIcon;
				ASSETCATALOG_COMPILER_GLOBAL_ACCENT_COLOR_NAME = AccentColor;
				CODE_SIGN_STYLE = Automatic;
				DEVELOPMENT_TEAM = 3CD8V98R6W;
				INFOPLIST_FILE = "Marvel Heroes/Info.plist";
				LD_RUNPATH_SEARCH_PATHS = (
					"$(inherited)",
					"@executable_path/Frameworks",
				);
				PRODUCT_BUNDLE_IDENTIFIER = "leticiasantos.Marvel-Heroes";
				PRODUCT_NAME = "$(TARGET_NAME)";
				SWIFT_VERSION = 5.0;
				TARGETED_DEVICE_FAMILY = 1;
			};
			name = Debug;
		};
		AEA0BA822554F6FB00F8D153 /* Release */ = {
			isa = XCBuildConfiguration;
			baseConfigurationReference = 469042223EBDDD734EA6E386 /* Pods-Marvel Heroes.release.xcconfig */;
			buildSettings = {
				ASSETCATALOG_COMPILER_APPICON_NAME = AppIcon;
				ASSETCATALOG_COMPILER_GLOBAL_ACCENT_COLOR_NAME = AccentColor;
				CODE_SIGN_STYLE = Automatic;
				DEVELOPMENT_TEAM = 3CD8V98R6W;
				INFOPLIST_FILE = "Marvel Heroes/Info.plist";
				LD_RUNPATH_SEARCH_PATHS = (
					"$(inherited)",
					"@executable_path/Frameworks",
				);
				PRODUCT_BUNDLE_IDENTIFIER = "leticiasantos.Marvel-Heroes";
				PRODUCT_NAME = "$(TARGET_NAME)";
				SWIFT_VERSION = 5.0;
				TARGETED_DEVICE_FAMILY = 1;
			};
			name = Release;
		};
/* End XCBuildConfiguration section */

/* Begin XCConfigurationList section */
		AEA0BA672554F6FA00F8D153 /* Build configuration list for PBXProject "Marvel Heroes" */ = {
			isa = XCConfigurationList;
			buildConfigurations = (
				AEA0BA7E2554F6FB00F8D153 /* Debug */,
				AEA0BA7F2554F6FB00F8D153 /* Release */,
			);
			defaultConfigurationIsVisible = 0;
			defaultConfigurationName = Release;
		};
		AEA0BA802554F6FB00F8D153 /* Build configuration list for PBXNativeTarget "Marvel Heroes" */ = {
			isa = XCConfigurationList;
			buildConfigurations = (
				AEA0BA812554F6FB00F8D153 /* Debug */,
				AEA0BA822554F6FB00F8D153 /* Release */,
			);
			defaultConfigurationIsVisible = 0;
			defaultConfigurationName = Release;
		};
/* End XCConfigurationList section */
	};
	rootObject = AEA0BA642554F6FA00F8D153 /* Project object */;
}
